
Microsoft Visual Studio Solution File, Format Version 12.00
# Visual Studio Version 16
VisualStudioVersion = 16.0.31729.503
MinimumVisualStudioVersion = 10.0.40219.1
Project("{FAE04EC0-301F-11D3-BF4B-00C04F79EFBC}") = "AuthAPI", "AuthAPI\AuthAPI.csproj", "{EB2535B8-0236-4B85-9E57-845DB17AC0F4}"
EndProject
Global
	GlobalSection(SolutionConfigurationPlatforms) = preSolution
		Debug|Any CPU = Debug|Any CPU
		Release|Any CPU = Release|Any CPU
	EndGlobalSection
	GlobalSection(ProjectConfigurationPlatforms) = postSolution
		{EB2535B8-0236-4B85-9E57-845DB17AC0F4}.Debug|Any CPU.ActiveCfg = Debug|Any CPU
		{EB2535B8-0236-4B85-9E57-845DB17AC0F4}.Debug|Any CPU.Build.0 = Debug|Any CPU
		{EB2535B8-0236-4B85-9E57-845DB17AC0F4}.Release|Any CPU.ActiveCfg = Release|Any CPU
		{EB2535B8-0236-4B85-9E57-845DB17AC0F4}.Release|Any CPU.Build.0 = Release|Any CPU
	EndGlobalSection
	GlobalSection(SolutionProperties) = preSolution
		HideSolutionNode = FALSE
	EndGlobalSection
	GlobalSection(ExtensibilityGlobals) = postSolution
		SolutionGuid = {E3126102-F84E-446C-8711-BE61D5A8103F}
	EndGlobalSection
EndGlobal
