
Microsoft Visual Studio Solution File, Format Version 12.00
# Visual Studio Version 16
VisualStudioVersion = 16.0.31729.503
MinimumVisualStudioVersion = 10.0.40219.1
Project("{FAE04EC0-301F-11D3-BF4B-00C04F79EFBC}") = "vivdly", "vivdly\vivdly.csproj", "{4616F5BF-BA78-4A29-83D7-2673B16F9B09}"
EndProject
Global
	GlobalSection(SolutionConfigurationPlatforms) = preSolution
		Debug|Any CPU = Debug|Any CPU
		Release|Any CPU = Release|Any CPU
	EndGlobalSection
	GlobalSection(ProjectConfigurationPlatforms) = postSolution
		{4616F5BF-BA78-4A29-83D7-2673B16F9B09}.Debug|Any CPU.ActiveCfg = Debug|Any CPU
		{4616F5BF-BA78-4A29-83D7-2673B16F9B09}.Debug|Any CPU.Build.0 = Debug|Any CPU
		{4616F5BF-BA78-4A29-83D7-2673B16F9B09}.Release|Any CPU.ActiveCfg = Release|Any CPU
		{4616F5BF-BA78-4A29-83D7-2673B16F9B09}.Release|Any CPU.Build.0 = Release|Any CPU
	EndGlobalSection
	GlobalSection(SolutionProperties) = preSolution
		HideSolutionNode = FALSE
	EndGlobalSection
	GlobalSection(ExtensibilityGlobals) = postSolution
		SolutionGuid = {730EDA30-2857-4905-8310-0E6B7F77D953}
	EndGlobalSection
EndGlobal
